{
  "projects": [
    {
      "projectId": "sqPBLwEBBKHA2WDuGb17eV",
      "version": "0.9.0",
      "dependencies": {},
      "lang": "ts",
      "fileLocks": [
        {
          "assetId": "sqPBLwEBBKHA2WDuGb17eV",
          "type": "projectCss",
          "checksum": "e1ec850476829c38b0f9b6d4f7ac446a"
        },
        {
          "type": "renderModule",
          "assetId": "5nirPCGmCnRD",
          "checksum": "af91f4d2aa2f74dcdcb2ea82fca236a0"
        },
        {
          "type": "cssRules",
          "assetId": "5nirPCGmCnRD",
          "checksum": "af91f4d2aa2f74dcdcb2ea82fca236a0"
        },
        {
          "type": "icon",
          "assetId": "Wyt3GMMsLefj",
          "checksum": "d8c88f04735c43b3f7790b0889d20e0c"
        },
        {
          "type": "icon",
          "assetId": "MbDRsJU0e3bw",
          "checksum": "92672aa6935120ebaac11939d8d127bb"
        }
      ],
      "codegenVersion": "0.0.1"
    },
    {
      "projectId": "ohDidvG9XsCeFumugENU3J",
      "version": "6.20.0",
      "dependencies": {},
      "lang": "ts",
      "fileLocks": [
        {
          "assetId": "ohDidvG9XsCeFumugENU3J",
          "type": "projectCss",
          "checksum": "fd83b730367fdbde2c69bc6cf31c2a3c"
        },
        {
          "assetId": "ohDidvG9XsCeFumugENU3J",
          "checksum": "de0a0e65174a6a185a8f822af51c6bdd",
          "type": "globalContexts"
        }
      ],
      "codegenVersion": "0.0.1"
    },
    {
      "projectId": "bQFzjFXbkpSsuDuBQNZ8MF",
      "version": "latest",
      "dependencies": {
        "ohDidvG9XsCeFumugENU3J": "6.20.0",
        "sqPBLwEBBKHA2WDuGb17eV": "0.9.0",
        "k6BnBuAUepzRX8Qs2WvkKs": "0.3.0"
      },
      "lang": "ts",
      "fileLocks": [
        {
          "type": "globalVariant",
          "assetId": "Pn97G4hNqafa",
          "checksum": "72c46f969b6aaa3735445961d7060288"
        },
        {
          "assetId": "bQFzjFXbkpSsuDuBQNZ8MF",
          "checksum": "d2b50aba5d1976acb917e0e6244d0c5d",
          "type": "globalContexts"
        },
        {
          "type": "renderModule",
          "assetId": "gS29OBnbSErN",
          "checksum": "4a44f57b125a972e92b8f00355b65bab"
        },
        {
          "type": "cssRules",
          "assetId": "gS29OBnbSErN",
          "checksum": "4a44f57b125a972e92b8f00355b65bab"
        },
        {
          "type": "renderModule",
          "assetId": "kSMvAbxe7o9l",
          "checksum": "39ac06ab95ef43e343f0f27e08459a45"
        },
        {
          "type": "cssRules",
          "assetId": "kSMvAbxe7o9l",
          "checksum": "39ac06ab95ef43e343f0f27e08459a45"
        },
        {
          "type": "renderModule",
          "assetId": "bVq4aRJAFSZu",
          "checksum": "c91082cc65dcd434f4a74e8b3de52cad"
        },
        {
          "type": "cssRules",
          "assetId": "bVq4aRJAFSZu",
          "checksum": "c91082cc65dcd434f4a74e8b3de52cad"
        },
        {
          "type": "renderModule",
          "assetId": "aVYX24fZHPln",
          "checksum": "4681ca64cfcc2dbe04333ccd47b709e4"
        },
        {
          "type": "cssRules",
          "assetId": "aVYX24fZHPln",
          "checksum": "4681ca64cfcc2dbe04333ccd47b709e4"
        },
        {
          "type": "renderModule",
          "assetId": "4HwOfwnkPiHw",
          "checksum": "ad3235ace981fcf8e5bafa384dd24691"
        },
        {
          "type": "cssRules",
          "assetId": "4HwOfwnkPiHw",
          "checksum": "ad3235ace981fcf8e5bafa384dd24691"
        },
        {
          "type": "renderModule",
          "assetId": "a1WfQs9Vt8cw",
          "checksum": "45e413678112d8f02efd340ad82f93e8"
        },
        {
          "type": "cssRules",
          "assetId": "a1WfQs9Vt8cw",
          "checksum": "45e413678112d8f02efd340ad82f93e8"
        },
        {
          "type": "renderModule",
          "assetId": "uoD6g_MxRxrM",
          "checksum": "263b7e1e32c5a7d7b7d7b7f92c4d6193"
        },
        {
          "type": "cssRules",
          "assetId": "uoD6g_MxRxrM",
          "checksum": "263b7e1e32c5a7d7b7d7b7f92c4d6193"
        },
        {
          "type": "renderModule",
          "assetId": "olCVyaMnuwo_",
          "checksum": "9f16091b463c89eb7e683557ea40c50b"
        },
        {
          "type": "cssRules",
          "assetId": "olCVyaMnuwo_",
          "checksum": "9f16091b463c89eb7e683557ea40c50b"
        },
        {
          "type": "icon",
          "assetId": "7F9WZVy318Cg",
          "checksum": "6c1f6533dfc6f7deba0b0f25499c35e5"
        },
        {
          "type": "icon",
          "assetId": "JNAP5VCvLEck",
          "checksum": "fcaa31d882ca53be86fc1289648a76e2"
        },
        {
          "type": "icon",
          "assetId": "9NLJZlnVYXvs",
          "checksum": "107fe92c4e4cc71c7321198456aadf76"
        },
        {
          "type": "icon",
          "assetId": "jDpuVvrlPf7y",
          "checksum": "0d0c0060738f6a6aa09cb2ef432da8a4"
        },
        {
          "type": "image",
          "assetId": "xfF6y6RJm-B1",
          "checksum": "b3a059eec2d3d0e81fe4a215488cf5dc"
        },
        {
          "type": "image",
          "assetId": "GjaXHGs_WeUq",
          "checksum": "054a343b448a78a3b2575dea8e421ec5"
        },
        {
          "type": "image",
          "assetId": "TlEEwTkT-YC4",
          "checksum": "28721804e72d6b278ffc08e0d1595ccc"
        },
        {
          "type": "image",
          "assetId": "f8xLf_5UrM8z",
          "checksum": "c3e1b46cc3a8263af7e76c1e7645d1a0"
        },
        {
          "type": "image",
          "assetId": "tEkIOt40oqQm",
          "checksum": "5ea4a502b6e1ef9cce28c8e98fa4935c"
        },
        {
          "type": "renderModule",
          "assetId": "aJNGyiE-SJ0S",
          "checksum": "0f30cd2e17c1b9b55020a4750651bb61"
        },
        {
          "type": "cssRules",
          "assetId": "aJNGyiE-SJ0S",
          "checksum": "0f30cd2e17c1b9b55020a4750651bb61"
        },
        {
          "type": "renderModule",
          "assetId": "RE0cdu_4bEY_",
          "checksum": "84914416e49602cfb8875d0e5cb02de7"
        },
        {
          "type": "cssRules",
          "assetId": "RE0cdu_4bEY_",
          "checksum": "84914416e49602cfb8875d0e5cb02de7"
        },
        {
          "type": "renderModule",
          "assetId": "wTSBbjdFii9t",
          "checksum": "d85478ecd3535ab4bf4fba74bae10038"
        },
        {
          "type": "cssRules",
          "assetId": "wTSBbjdFii9t",
          "checksum": "d85478ecd3535ab4bf4fba74bae10038"
        },
        {
          "type": "image",
          "assetId": "bSkMYO1Wyc8U",
          "checksum": "3fecdaabd90dda26c01bc37a456722c0"
        },
        {
          "type": "image",
          "assetId": "p2vt7gW5oR-c",
          "checksum": "1fc6b615a5a3f92831644435d3c8d671"
        },
        {
          "type": "renderModule",
          "assetId": "1cUBbxNaO4UO",
          "checksum": "c3a082ff403c17c0cd7097012745e71d"
        },
        {
          "type": "cssRules",
          "assetId": "1cUBbxNaO4UO",
          "checksum": "c3a082ff403c17c0cd7097012745e71d"
        },
        {
          "type": "image",
          "assetId": "4JXWTODK2LXt",
          "checksum": "f46ef453f68bfb460fa0cad1852548f9"
        },
        {
          "type": "image",
          "assetId": "nWTWDexD6I3-",
          "checksum": "98905f3eca152f339789356b0beca979"
        },
        {
          "type": "image",
          "assetId": "4bHreO5H5eIZ",
          "checksum": "9ad15d1cf5d738cca7ca90a251aae7f6"
        },
        {
          "type": "image",
          "assetId": "mZhlL2TRx6wS",
          "checksum": "1ef536d92dba9847883056634ded3a07"
        },
        {
          "type": "image",
          "assetId": "dK1gKPUSjYrt",
          "checksum": "0d1a79313dbf50c2992283c3546466e3"
        },
        {
          "type": "image",
          "assetId": "X3TL1sKQhb8K",
          "checksum": "dddb354ea16895a5fa7d6d9cd8d4b8f4"
        },
        {
          "type": "image",
          "assetId": "QfRG_oKGU5lL",
          "checksum": "5f74dae6f14bc9ac00df5839e4d85b6f"
        },
        {
          "type": "image",
          "assetId": "EiCKCvjQN2xH",
          "checksum": "82008a017fe38228c76377894412e7c2"
        },
        {
          "type": "image",
          "assetId": "r6ycmAtTASIE",
          "checksum": "3be240384c9a3e32819da915408cd0b5"
        },
        {
          "type": "image",
          "assetId": "NHghdn_mZ5Ah",
          "checksum": "a81c0ee2b5a481568be65320fe7b9a82"
        },
        {
          "type": "image",
          "assetId": "aN-PwRHqfVyL",
          "checksum": "aea5799a13d9566428e82e07d6adb0f9"
        },
        {
          "type": "image",
          "assetId": "jnfZ90eRvP2v",
          "checksum": "b07bef13b471bea46853a6feca83a7e4"
        },
        {
          "type": "image",
          "assetId": "5WXhoYinFkZC",
          "checksum": "37742558a0bb6f318ea061bd4abbb9cd"
        },
        {
          "type": "image",
          "assetId": "xrQ6zxps8QJG",
          "checksum": "de3fbc8cd9c7c16a781c2a82cbec1687"
        },
        {
          "type": "image",
          "assetId": "aBYexceH05N2",
          "checksum": "dd5ced62b7355e873e18780f27e1443d"
        },
        {
          "type": "image",
          "assetId": "ScLfgnWe0BZc",
          "checksum": "284494fe2db99a05c811fb98bd2fd265"
        },
        {
          "type": "image",
          "assetId": "KhkU_olzTz0J",
          "checksum": "ff1bb2f32b166a21c8cecf63234d65f1"
        },
        {
          "type": "image",
          "assetId": "IDWGJqAthx8h",
          "checksum": "54ac31c41cd3fa6df1c13110ff967caf"
        },
        {
          "type": "image",
          "assetId": "PHTJJQA_TCc2",
          "checksum": "b5b504b333fe9a0c340a747b640aa8cb"
        },
        {
          "assetId": "bQFzjFXbkpSsuDuBQNZ8MF",
          "type": "projectCss",
          "checksum": "107205966f8a5d8e54e5a838ebdb0485"
        }
      ],
      "codegenVersion": "0.0.1"
    },
    {
      "projectId": "k6BnBuAUepzRX8Qs2WvkKs",
      "version": "0.3.0",
      "dependencies": {},
      "lang": "ts",
      "fileLocks": [
        {
          "assetId": "k6BnBuAUepzRX8Qs2WvkKs",
          "type": "projectCss",
          "checksum": "e1ec850476829c38b0f9b6d4f7ac446a"
        }
      ],
      "codegenVersion": "0.0.1"
    }
  ],
  "cliVersion": "0.1.327"
}
